# Generated by pub
# See https://dart.dev/tools/pub/glossary#lockfile
packages:
  collection:
    dependency: transitive
    description:
      name: collection
      sha256: "2f5709ae4d3d59dd8f7cd309b4e023046b57d8a6c82130785d2b0e5868084e76"
      url: "https://pub.flutter-io.cn"
    source: hosted
    version: "1.19.1"
  freezed_annotation:
    dependency: transitive
    description:
      name: freezed_annotation
      sha256: "7294967ff0a6d98638e7acb774aac3af2550777accd8149c90af5b014e6d44d8"
      url: "https://pub.flutter-io.cn"
    source: hosted
    version: "3.1.0"
  json_annotation:
    dependency: transitive
    description:
      name: json_annotation
      sha256: "2a743920d81b7910627f68ee2c9ac1fc0bfee32b9fc3403587d7c6791ca12f80"
      url: "https://pub.flutter-io.cn"
    source: hosted
    version: "4.12.0"
  lints:
    dependency: "direct dev"
    description:
      name: lints
      sha256: "12f842a479589fea194fe5c5a3095abc7be0c1f2ddfa9a0e76aed1dbd26a87df"
      url: "https://pub.flutter-io.cn"
    source: hosted
    version: "6.1.0"
  meta:
    dependency: transitive
    description:
      name: meta
      sha256: "307249ce4ff29d58a18e97f6345f539382eb9c9c29ecda628900f31de0443dd9"
      url: "https://pub.flutter-io.cn"
    source: hosted
    version: "1.19.0"
  mini_program_contracts:
    dependency: "direct overridden"
    description:
      path: "D:\\flutter-mini-program-platform\\packages\\mini_program_contracts"
      relative: false
    source: path
    version: "0.3.2"
  mini_program_ui:
    dependency: "direct main"
    description:
      path: "D:/flutter-mini-program-platform/packages/mini_program_ui"
      relative: false
    source: path
    version: "0.1.8"
  pub_semver:
    dependency: transitive
    description:
      name: pub_semver
      sha256: "5bfcf68ca79ef689f8990d1160781b4bad40a3bd5e5218ad4076ddb7f4081585"
      url: "https://pub.flutter-io.cn"
    source: hosted
    version: "2.2.0"
sdks:
  dart: ">=3.10.0 <4.0.0"
